
Microsoft Visual Studio Solution File, Format Version 12.00
# Visual Studio Version 17
VisualStudioVersion = 17.13.35931.197 d17.13
MinimumVisualStudioVersion = 10.0.40219.1
Project("{FAE04EC0-301F-11D3-BF4B-00C04F79EFBC}") = "ShapesHomework", "ShapesHomework\ShapesHomework.csproj", "{AC854980-4260-4E98-89F0-54070488C085}"
EndProject
Global
	GlobalSection(SolutionConfigurationPlatforms) = preSolution
		Debug|Any CPU = Debug|Any CPU
		Release|Any CPU = Release|Any CPU
	EndGlobalSection
	GlobalSection(ProjectConfigurationPlatforms) = postSolution
		{AC854980-4260-4E98-89F0-54070488C085}.Debug|Any CPU.ActiveCfg = Debug|Any CPU
		{AC854980-4260-4E98-89F0-54070488C085}.Debug|Any CPU.Build.0 = Debug|Any CPU
		{AC854980-4260-4E98-89F0-54070488C085}.Release|Any CPU.ActiveCfg = Release|Any CPU
		{AC854980-4260-4E98-89F0-54070488C085}.Release|Any CPU.Build.0 = Release|Any CPU
	EndGlobalSection
	GlobalSection(SolutionProperties) = preSolution
		HideSolutionNode = FALSE
	EndGlobalSection
	GlobalSection(ExtensibilityGlobals) = postSolution
		SolutionGuid = {F11FC178-4A46-4B66-8E91-662C333A421B}
	EndGlobalSection
EndGlobal
